{
  "version": 4,
  "terraform_version": "1.9.8",
  "serial": 1,
  "lineage": "f6a547ad-59f5-9dc1-4c0c-340e3e8bbdd9",
  "outputs": {},
  "resources": [
    {
      "mode": "managed",
      "type": "mongodbatlas_project",
      "name": "project",
      "provider": "provider[\"registry.terraform.io/mongodb/mongodbatlas\"]",
      "instances": [
        {
          "schema_version": 0,
          "attributes": {
            "cluster_count": 0,
            "created": "2025-01-16T13:44:57Z",
            "id": "67890d54da29d12c0efe330f",
            "ip_addresses": {
              "services": {
                "clusters": []
              }
            },
            "is_collect_database_specifics_statistics_enabled": true,
            "is_data_explorer_enabled": true,
            "is_extended_storage_sizes_enabled": false,
            "is_performance_advisor_enabled": true,
            "is_realtime_performance_panel_enabled": true,
            "is_schema_advisor_enabled": true,
            "is_slow_operation_thresholding_enabled": true,
            "limits": [],
            "name": "vnk",
            "org_id": "6788cccfe127700caae7fcb5",
            "project_owner_id": null,
            "region_usage_restrictions": null,
            "tags": null,
            "teams": [],
            "with_default_alerts_settings": true
          },
          "sensitive_attributes": []
        }
      ]
    }
  ],
  "check_results": null
}
