{
  "version": 4,
  "terraform_version": "1.9.8",
  "serial": 3,
  "lineage": "f6a547ad-59f5-9dc1-4c0c-340e3e8bbdd9",
  "outputs": {},
  "resources": [
    {
      "mode": "managed",
      "type": "mongodbatlas_advanced_cluster",
      "name": "cluster",
      "provider": "provider[\"registry.terraform.io/mongodb/mongodbatlas\"]",
      "instances": [
        {
          "schema_version": 1,
          "attributes": {
            "accept_data_risks_and_force_replica_set_reconfig": "",
            "advanced_configuration": [
              {
                "change_stream_options_pre_and_post_images_expire_after_seconds": -1,
                "custom_openssl_cipher_config_tls12": [],
                "default_max_time_ms": 0,
                "default_read_concern": "",
                "default_write_concern": "",
                "fail_index_key_too_long": false,
                "javascript_enabled": true,
                "minimum_enabled_tls_protocol": "TLS1_2",
                "no_table_scan": false,
                "oplog_min_retention_hours": 0,
                "oplog_size_mb": 0,
                "sample_refresh_interval_bi_connector": 0,
                "sample_size_bi_connector": 0,
                "tls_cipher_config_mode": "DEFAULT",
                "transaction_lifetime_limit_seconds": 0
              }
            ],
            "backup_enabled": false,
            "bi_connector_config": [
              {
                "enabled": false,
                "read_preference": "secondary"
              }
            ],
            "cluster_id": "67890e40f7cf71226beec4ed",
            "cluster_type": "REPLICASET",
            "config_server_management_mode": "",
            "config_server_type": "",
            "connection_strings": [
              {
                "private": "",
                "private_endpoint": [],
                "private_srv": "",
                "standard": "mongodb://vnk-shard-00-00.thedh.mongodb.net:27017,vnk-shard-00-01.thedh.mongodb.net:27017,vnk-shard-00-02.thedh.mongodb.net:27017/?ssl=true\u0026authSource=admin\u0026replicaSet=atlas-ms5rtb-shard-0",
                "standard_srv": "mongodb+srv://vnk.thedh.mongodb.net"
              }
            ],
            "create_date": "2025-01-16T13:48:48Z",
            "disk_size_gb": 0.5,
            "encryption_at_rest_provider": "NONE",
            "global_cluster_self_managed_sharding": false,
            "id": "Y2x1c3Rlcl9pZA==:Njc4OTBlNDBmN2NmNzEyMjZiZWVjNGVk-Y2x1c3Rlcl9uYW1l:dm5r-cHJvamVjdF9pZA==:Njc4OTBkNTRkYTI5ZDEyYzBlZmUzMzBm",
            "labels": [],
            "mongo_db_major_version": "8.0",
            "mongo_db_version": "8.0.4",
            "name": "vnk",
            "paused": false,
            "pinned_fcv": [],
            "pit_enabled": false,
            "project_id": "67890d54da29d12c0efe330f",
            "redact_client_log_data": false,
            "replica_set_scaling_strategy": "",
            "replication_specs": [
              {
                "container_id": {},
                "external_id": "67890e40f7cf71226beec48d",
                "id": "67890e40f7cf71226beec48c",
                "num_shards": 1,
                "region_configs": [
                  {
                    "analytics_auto_scaling": [],
                    "analytics_specs": [],
                    "auto_scaling": [],
                    "backing_provider_name": "AWS",
                    "electable_specs": [
                      {
                        "disk_iops": 0,
                        "disk_size_gb": 0.5,
                        "ebs_volume_type": "",
                        "instance_size": "M0",
                        "node_count": 0
                      }
                    ],
                    "priority": 7,
                    "provider_name": "TENANT",
                    "read_only_specs": [],
                    "region_name": "US_EAST_1"
                  }
                ],
                "zone_id": "67890e40f7cf71226beec48b",
                "zone_name": "ZoneName managed by Terraform"
              }
            ],
            "retain_backups_enabled": null,
            "root_cert_type": "ISRGROOTX1",
            "state_name": "IDLE",
            "tags": [],
            "termination_protection_enabled": false,
            "timeouts": null,
            "version_release_system": "LTS"
          },
          "sensitive_attributes": [],
          "private": "eyJlMmJmYjczMC1lY2FhLTExZTYtOGY4OC0zNDM2M2JjN2M0YzAiOnsiY3JlYXRlIjoxMDgwMDAwMDAwMDAwMCwiZGVsZXRlIjoxMDgwMDAwMDAwMDAwMCwidXBkYXRlIjoxMDgwMDAwMDAwMDAwMH0sInNjaGVtYV92ZXJzaW9uIjoiMSJ9",
          "dependencies": [
            "mongodbatlas_project.project"
          ]
        }
      ]
    },
    {
      "mode": "managed",
      "type": "mongodbatlas_project",
      "name": "project",
      "provider": "provider[\"registry.terraform.io/mongodb/mongodbatlas\"]",
      "instances": [
        {
          "schema_version": 0,
          "attributes": {
            "cluster_count": 0,
            "created": "2025-01-16T13:44:57Z",
            "id": "67890d54da29d12c0efe330f",
            "ip_addresses": {
              "services": {
                "clusters": []
              }
            },
            "is_collect_database_specifics_statistics_enabled": true,
            "is_data_explorer_enabled": true,
            "is_extended_storage_sizes_enabled": false,
            "is_performance_advisor_enabled": true,
            "is_realtime_performance_panel_enabled": true,
            "is_schema_advisor_enabled": true,
            "is_slow_operation_thresholding_enabled": true,
            "limits": [],
            "name": "vnk",
            "org_id": "6788cccfe127700caae7fcb5",
            "project_owner_id": null,
            "region_usage_restrictions": null,
            "tags": null,
            "teams": [],
            "with_default_alerts_settings": true
          },
          "sensitive_attributes": []
        }
      ]
    }
  ],
  "check_results": null
}
